{
  "nodes": {
    "md4x": {
      "flake": false,
      "locked": {
        "lastModified": 1773651243,
        "narHash": "sha256-dSYV68Mkx227nL3fUIGetOSCl+3uaiN7sfdW9Q0vdDk=",
        "owner": "unjs",
        "repo": "md4x",
        "rev": "2215d2376076cfff422aa9667b5b468d9690888f",
        "type": "github"
      },
      "original": {
        "owner": "unjs",
        "repo": "md4x",
        "type": "github"
      }
    },
    "nixpkgs": {
      "locked": {
        "lastModified": 1775095191,
        "narHash": "sha256-CsqRiYbgQyv01LS0NlC7shwzhDhjNDQSrhBX8VuD3nM=",
        "owner": "NixOS",
        "repo": "nixpkgs",
        "rev": "106eb93cbb9d4e4726bf6bc367a3114f7ed6b32f",
        "type": "github"
      },
      "original": {
        "owner": "NixOS",
        "ref": "nixpkgs-unstable",
        "repo": "nixpkgs",
        "type": "github"
      }
    },
    "root": {
      "inputs": {
        "md4x": "md4x",
        "nixpkgs": "nixpkgs"
      }
    }
  },
  "root": "root",
  "version": 7
}
